
Microsoft Visual Studio Solution File, Format Version 12.00
# Visual Studio Version 17
VisualStudioVersion = 17.14.36717.8 d17.14
MinimumVisualStudioVersion = 10.0.40219.1
Project("{FAE04EC0-301F-11D3-BF4B-00C04F79EFBC}") = "Dream Studio", "Dream.Studio.csproj", "{B66BB476-53EE-422C-84AC-C70B0F3A576B}"
EndProject
Global
	GlobalSection(SolutionConfigurationPlatforms) = preSolution
		Debug|Any CPU = Debug|Any CPU
		Release|Any CPU = Release|Any CPU
	EndGlobalSection
	GlobalSection(ProjectConfigurationPlatforms) = postSolution
		{B66BB476-53EE-422C-84AC-C70B0F3A576B}.Debug|Any CPU.ActiveCfg = Debug|Any CPU
		{B66BB476-53EE-422C-84AC-C70B0F3A576B}.Debug|Any CPU.Build.0 = Debug|Any CPU
		{B66BB476-53EE-422C-84AC-C70B0F3A576B}.Release|Any CPU.ActiveCfg = Release|Any CPU
		{B66BB476-53EE-422C-84AC-C70B0F3A576B}.Release|Any CPU.Build.0 = Release|Any CPU
	EndGlobalSection
	GlobalSection(SolutionProperties) = preSolution
		HideSolutionNode = FALSE
	EndGlobalSection
	GlobalSection(ExtensibilityGlobals) = postSolution
		SolutionGuid = {4FD00F2E-B108-4D78-AF2A-D90E929404E2}
	EndGlobalSection
EndGlobal
